// !$*UTF8*$!
{
	archiveVersion = 1;
	classes = {
	};
	objectVersion = 56;
	objects = {

/* Begin PBXBuildFile section */
		845FC8ED2D51AE5700A0F4BC /* chaitanyagondkar_Milestone3App.swift in Sources */ = {isa = PBXBuildFile; fileRef = 845FC8EC2D51AE5700A0F4BC /* chaitanyagondkar_Milestone3App.swift */; };
		845FC8EF2D51AE5700A0F4BC /* ContentView.swift in Sources */ = {isa = PBXBuildFile; fileRef = 845FC8EE2D51AE5700A0F4BC /* ContentView.swift */; };
		845FC8F12D51AE5900A0F4BC /* Assets.xcassets in Resources */ = {isa = PBXBuildFile; fileRef = 845FC8F02D51AE5900A0F4BC /* Assets.xcassets */; };
		845FC8F42D51AE5900A0F4BC /* Preview Assets.xcassets in Resources */ = {isa = PBXBuildFile; fileRef = 845FC8F32D51AE5900A0F4BC /* Preview Assets.xcassets */; };
		845FC8FE2D51AE5A00A0F4BC /* chaitanyagondkar_Milestone3Tests.swift in Sources */ = {isa = PBXBuildFile; fileRef = 845FC8FD2D51AE5A00A0F4BC /* chaitanyagondkar_Milestone3Tests.swift */; };
		845FC9082D51AE5A00A0F4BC /* chaitanyagondkar_Milestone3UITests.swift in Sources */ = {isa = PBXBuildFile; fileRef = 845FC9072D51AE5A00A0F4BC /* chaitanyagondkar_Milestone3UITests.swift */; };
		845FC90A2D51AE5A00A0F4BC /* chaitanyagondkar_Milestone3UITestsLaunchTests.swift in Sources */ = {isa = PBXBuildFile; fileRef = 845FC9092D51AE5A00A0F4BC /* chaitanyagondkar_Milestone3UITestsLaunchTests.swift */; };
		845FC9172D51AEA800A0F4BC /* PersistenceController.swift in Sources */ = {isa = PBXBuildFile; fileRef = 845FC9162D51AEA800A0F4BC /* PersistenceController.swift */; };
		845FC9D02D521D5200A0F4BC /* FitnessDB.xcdatamodeld in Sources */ = {isa = PBXBuildFile; fileRef = 845FC9CE2D521D5200A0F4BC /* FitnessDB.xcdatamodeld */; };
		845FC9D22D521E0D00A0F4BC /* AddView.swift in Sources */ = {isa = PBXBuildFile; fileRef = 845FC9D12D521E0D00A0F4BC /* AddView.swift */; };
		845FC9D42D521E2700A0F4BC /* EditView.swift in Sources */ = {isa = PBXBuildFile; fileRef = 845FC9D32D521E2700A0F4BC /* EditView.swift */; };
/* End PBXBuildFile section */

/* Begin PBXContainerItemProxy section */
		845FC8FA2D51AE5A00A0F4BC /* PBXContainerItemProxy */ = {
			isa = PBXContainerItemProxy;
			containerPortal = 845FC8E12D51AE5700A0F4BC /* Project object */;
			proxyType = 1;
			remoteGlobalIDString = 845FC8E82D51AE5700A0F4BC;
			remoteInfo = chaitanyagondkar_Milestone3;
		};
		845FC9042D51AE5A00A0F4BC /* PBXContainerItemProxy */ = {
			isa = PBXContainerItemProxy;
			containerPortal = 845FC8E12D51AE5700A0F4BC /* Project object */;
			proxyType = 1;
			remoteGlobalIDString = 845FC8E82D51AE5700A0F4BC;
			remoteInfo = chaitanyagondkar_Milestone3;
		};
/* End PBXContainerItemProxy section */

/* Begin PBXFileReference section */
		845FC8E92D51AE5700A0F4BC /* chaitanyagondkar_Milestone3.app */ = {isa = PBXFileReference; explicitFileType = wrapper.application; includeInIndex = 0; path = chaitanyagondkar_Milestone3.app; sourceTree = BUILT_PRODUCTS_DIR; };
		845FC8EC2D51AE5700A0F4BC /* chaitanyagondkar_Milestone3App.swift */ = {isa = PBXFileReference; lastKnownFileType = sourcecode.swift; path = chaitanyagondkar_Milestone3App.swift; sourceTree = "<group>"; };
		845FC8EE2D51AE5700A0F4BC /* ContentView.swift */ = {isa = PBXFileReference; lastKnownFileType = sourcecode.swift; path = ContentView.swift; sourceTree = "<group>"; };
		845FC8F02D51AE5900A0F4BC /* Assets.xcassets */ = {isa = PBXFileReference; lastKnownFileType = folder.assetcatalog; path = Assets.xcassets; sourceTree = "<group>"; };
		845FC8F32D51AE5900A0F4BC /* Preview Assets.xcassets */ = {isa = PBXFileReference; lastKnownFileType = folder.assetcatalog; path = "Preview Assets.xcassets"; sourceTree = "<group>"; };
		845FC8F92D51AE5A00A0F4BC /* chaitanyagondkar_Milestone3Tests.xctest */ = {isa = PBXFileReference; explicitFileType = wrapper.cfbundle; includeInIndex = 0; path = chaitanyagondkar_Milestone3Tests.xctest; sourceTree = BUILT_PRODUCTS_DIR; };
		845FC8FD2D51AE5A00A0F4BC /* chaitanyagondkar_Milestone3Tests.swift */ = {isa = PBXFileReference; lastKnownFileType = sourcecode.swift; path = chaitanyagondkar_Milestone3Tests.swift; sourceTree = "<group>"; };
		845FC9032D51AE5A00A0F4BC /* chaitanyagondkar_Milestone3UITests.xctest */ = {isa = PBXFileReference; explicitFileType = wrapper.cfbundle; includeInIndex = 0; path = chaitanyagondkar_Milestone3UITests.xctest; sourceTree = BUILT_PRODUCTS_DIR; };
		845FC9072D51AE5A00A0F4BC /* chaitanyagondkar_Milestone3UITests.swift */ = {isa = PBXFileReference; lastKnownFileType = sourcecode.swift; path = chaitanyagondkar_Milestone3UITests.swift; sourceTree = "<group>"; };
		845FC9092D51AE5A00A0F4BC /* chaitanyagondkar_Milestone3UITestsLaunchTests.swift */ = {isa = PBXFileReference; lastKnownFileType = sourcecode.swift; path = chaitanyagondkar_Milestone3UITestsLaunchTests.swift; sourceTree = "<group>"; };
		845FC9162D51AEA800A0F4BC /* PersistenceController.swift */ = {isa = PBXFileReference; lastKnownFileType = sourcecode.swift; path = PersistenceController.swift; sourceTree = "<group>"; };
		845FC9CF2D521D5200A0F4BC /* FitnessDB.xcdatamodel */ = {isa = PBXFileReference; lastKnownFileType = wrapper.xcdatamodel; path = FitnessDB.xcdatamodel; sourceTree = "<group>"; };
		845FC9D12D521E0D00A0F4BC /* AddView.swift */ = {isa = PBXFileReference; lastKnownFileType = sourcecode.swift; path = AddView.swift; sourceTree = "<group>"; };
		845FC9D32D521E2700A0F4BC /* EditView.swift */ = {isa = PBXFileReference; lastKnownFileType = sourcecode.swift; path = EditView.swift; sourceTree = "<group>"; };
/* End PBXFileReference section */

/* Begin PBXFrameworksBuildPhase section */
		845FC8E62D51AE5700A0F4BC /* Frameworks */ = {
			isa = PBXFrameworksBuildPhase;
			buildActionMask = 2147483647;
			files = (
			);
			runOnlyForDeploymentPostprocessing = 0;
		};
		845FC8F62D51AE5A00A0F4BC /* Frameworks */ = {
			isa = PBXFrameworksBuildPhase;
			buildActionMask = 2147483647;
			files = (
			);
			runOnlyForDeploymentPostprocessing = 0;
		};
		845FC9002D51AE5A00A0F4BC /* Frameworks */ = {
			isa = PBXFrameworksBuildPhase;
			buildActionMask = 2147483647;
			files = (
			);
			runOnlyForDeploymentPostprocessing = 0;
		};
/* End PBXFrameworksBuildPhase section */

/* Begin PBXGroup section */
		845FC8E02D51AE5700A0F4BC = {
			isa = PBXGroup;
			children = (
				845FC8EB2D51AE5700A0F4BC /* chaitanyagondkar_Milestone3 */,
				845FC8FC2D51AE5A00A0F4BC /* chaitanyagondkar_Milestone3Tests */,
				845FC9062D51AE5A00A0F4BC /* chaitanyagondkar_Milestone3UITests */,
				845FC8EA2D51AE5700A0F4BC /* Products */,
			);
			sourceTree = "<group>";
		};
		845FC8EA2D51AE5700A0F4BC /* Products */ = {
			isa = PBXGroup;
			children = (
				845FC8E92D51AE5700A0F4BC /* chaitanyagondkar_Milestone3.app */,
				845FC8F92D51AE5A00A0F4BC /* chaitanyagondkar_Milestone3Tests.xctest */,
				845FC9032D51AE5A00A0F4BC /* chaitanyagondkar_Milestone3UITests.xctest */,
			);
			name = Products;
			sourceTree = "<group>";
		};
		845FC8EB2D51AE5700A0F4BC /* chaitanyagondkar_Milestone3 */ = {
			isa = PBXGroup;
			children = (
				845FC9162D51AEA800A0F4BC /* PersistenceController.swift */,
				845FC8EC2D51AE5700A0F4BC /* chaitanyagondkar_Milestone3App.swift */,
				845FC8EE2D51AE5700A0F4BC /* ContentView.swift */,
				845FC8F02D51AE5900A0F4BC /* Assets.xcassets */,
				845FC8F22D51AE5900A0F4BC /* Preview Content */,
				845FC9CE2D521D5200A0F4BC /* FitnessDB.xcdatamodeld */,
				845FC9D12D521E0D00A0F4BC /* AddView.swift */,
				845FC9D32D521E2700A0F4BC /* EditView.swift */,
			);
			path = chaitanyagondkar_Milestone3;
			sourceTree = "<group>";
		};
		845FC8F22D51AE5900A0F4BC /* Preview Content */ = {
			isa = PBXGroup;
			children = (
				845FC8F32D51AE5900A0F4BC /* Preview Assets.xcassets */,
			);
			path = "Preview Content";
			sourceTree = "<group>";
		};
		845FC8FC2D51AE5A00A0F4BC /* chaitanyagondkar_Milestone3Tests */ = {
			isa = PBXGroup;
			children = (
				845FC8FD2D51AE5A00A0F4BC /* chaitanyagondkar_Milestone3Tests.swift */,
			);
			path = chaitanyagondkar_Milestone3Tests;
			sourceTree = "<group>";
		};
		845FC9062D51AE5A00A0F4BC /* chaitanyagondkar_Milestone3UITests */ = {
			isa = PBXGroup;
			children = (
				845FC9072D51AE5A00A0F4BC /* chaitanyagondkar_Milestone3UITests.swift */,
				845FC9092D51AE5A00A0F4BC /* chaitanyagondkar_Milestone3UITestsLaunchTests.swift */,
			);
			path = chaitanyagondkar_Milestone3UITests;
			sourceTree = "<group>";
		};
/* End PBXGroup section */

/* Begin PBXNativeTarget section */
		845FC8E82D51AE5700A0F4BC /* chaitanyagondkar_Milestone3 */ = {
			isa = PBXNativeTarget;
			buildConfigurationList = 845FC90D2D51AE5A00A0F4BC /* Build configuration list for PBXNativeTarget "chaitanyagondkar_Milestone3" */;
			buildPhases = (
				845FC8E52D51AE5700A0F4BC /* Sources */,
				845FC8E62D51AE5700A0F4BC /* Frameworks */,
				845FC8E72D51AE5700A0F4BC /* Resources */,
			);
			buildRules = (
			);
			dependencies = (
			);
			name = chaitanyagondkar_Milestone3;
			productName = chaitanyagondkar_Milestone3;
			productReference = 845FC8E92D51AE5700A0F4BC /* chaitanyagondkar_Milestone3.app */;
			productType = "com.apple.product-type.application";
		};
		845FC8F82D51AE5A00A0F4BC /* chaitanyagondkar_Milestone3Tests */ = {
			isa = PBXNativeTarget;
			buildConfigurationList = 845FC9102D51AE5A00A0F4BC /* Build configuration list for PBXNativeTarget "chaitanyagondkar_Milestone3Tests" */;
			buildPhases = (
				845FC8F52D51AE5A00A0F4BC /* Sources */,
				845FC8F62D51AE5A00A0F4BC /* Frameworks */,
				845FC8F72D51AE5A00A0F4BC /* Resources */,
			);
			buildRules = (
			);
			dependencies = (
				845FC8FB2D51AE5A00A0F4BC /* PBXTargetDependency */,
			);
			name = chaitanyagondkar_Milestone3Tests;
			productName = chaitanyagondkar_Milestone3Tests;
			productReference = 845FC8F92D51AE5A00A0F4BC /* chaitanyagondkar_Milestone3Tests.xctest */;
			productType = "com.apple.product-type.bundle.unit-test";
		};
		845FC9022D51AE5A00A0F4BC /* chaitanyagondkar_Milestone3UITests */ = {
			isa = PBXNativeTarget;
			buildConfigurationList = 845FC9132D51AE5A00A0F4BC /* Build configuration list for PBXNativeTarget "chaitanyagondkar_Milestone3UITests" */;
			buildPhases = (
				845FC8FF2D51AE5A00A0F4BC /* Sources */,
				845FC9002D51AE5A00A0F4BC /* Frameworks */,
				845FC9012D51AE5A00A0F4BC /* Resources */,
			);
			buildRules = (
			);
			dependencies = (
				845FC9052D51AE5A00A0F4BC /* PBXTargetDependency */,
			);
			name = chaitanyagondkar_Milestone3UITests;
			productName = chaitanyagondkar_Milestone3UITests;
			productReference = 845FC9032D51AE5A00A0F4BC /* chaitanyagondkar_Milestone3UITests.xctest */;
			productType = "com.apple.product-type.bundle.ui-testing";
		};
/* End PBXNativeTarget section */

/* Begin PBXProject section */
		845FC8E12D51AE5700A0F4BC /* Project object */ = {
			isa = PBXProject;
			attributes = {
				BuildIndependentTargetsInParallel = 1;
				LastSwiftUpdateCheck = 1400;
				LastUpgradeCheck = 1400;
				TargetAttributes = {
					845FC8E82D51AE5700A0F4BC = {
						CreatedOnToolsVersion = 14.0.1;
					};
					845FC8F82D51AE5A00A0F4BC = {
						CreatedOnToolsVersion = 14.0.1;
						TestTargetID = 845FC8E82D51AE5700A0F4BC;
					};
					845FC9022D51AE5A00A0F4BC = {
						CreatedOnToolsVersion = 14.0.1;
						TestTargetID = 845FC8E82D51AE5700A0F4BC;
					};
				};
			};
			buildConfigurationList = 845FC8E42D51AE5700A0F4BC /* Build configuration list for PBXProject "chaitanyagondkar_Milestone3" */;
			compatibilityVersion = "Xcode 14.0";
			developmentRegion = en;
			hasScannedForEncodings = 0;
			knownRegions = (
				en,
				Base,
			);
			mainGroup = 845FC8E02D51AE5700A0F4BC;
			productRefGroup = 845FC8EA2D51AE5700A0F4BC /* Products */;
			projectDirPath = "";
			projectRoot = "";
			targets = (
				845FC8E82D51AE5700A0F4BC /* chaitanyagondkar_Milestone3 */,
				845FC8F82D51AE5A00A0F4BC /* chaitanyagondkar_Milestone3Tests */,
				845FC9022D51AE5A00A0F4BC /* chaitanyagondkar_Milestone3UITests */,
			);
		};
/* End PBXProject section */

/* Begin PBXResourcesBuildPhase section */
		845FC8E72D51AE5700A0F4BC /* Resources */ = {
			isa = PBXResourcesBuildPhase;
			buildActionMask = 2147483647;
			files = (
				845FC8F42D51AE5900A0F4BC /* Preview Assets.xcassets in Resources */,
				845FC8F12D51AE5900A0F4BC /* Assets.xcassets in Resources */,
			);
			runOnlyForDeploymentPostprocessing = 0;
		};
		845FC8F72D51AE5A00A0F4BC /* Resources */ = {
			isa = PBXResourcesBuildPhase;
			buildActionMask = 2147483647;
			files = (
			);
			runOnlyForDeploymentPostprocessing = 0;
		};
		845FC9012D51AE5A00A0F4BC /* Resources */ = {
			isa = PBXResourcesBuildPhase;
			buildActionMask = 2147483647;
			files = (
			);
			runOnlyForDeploymentPostprocessing = 0;
		};
/* End PBXResourcesBuildPhase section */

/* Begin PBXSourcesBuildPhase section */
		845FC8E52D51AE5700A0F4BC /* Sources */ = {
			isa = PBXSourcesBuildPhase;
			buildActionMask = 2147483647;
			files = (
				845FC9D02D521D5200A0F4BC /* FitnessDB.xcdatamodeld in Sources */,
				845FC9172D51AEA800A0F4BC /* PersistenceController.swift in Sources */,
				845FC9D42D521E2700A0F4BC /* EditView.swift in Sources */,
				845FC9D22D521E0D00A0F4BC /* AddView.swift in Sources */,
				845FC8EF2D51AE5700A0F4BC /* ContentView.swift in Sources */,
				845FC8ED2D51AE5700A0F4BC /* chaitanyagondkar_Milestone3App.swift in Sources */,
			);
			runOnlyForDeploymentPostprocessing = 0;
		};
		845FC8F52D51AE5A00A0F4BC /* Sources */ = {
			isa = PBXSourcesBuildPhase;
			buildActionMask = 2147483647;
			files = (
				845FC8FE2D51AE5A00A0F4BC /* chaitanyagondkar_Milestone3Tests.swift in Sources */,
			);
			runOnlyForDeploymentPostprocessing = 0;
		};
		845FC8FF2D51AE5A00A0F4BC /* Sources */ = {
			isa = PBXSourcesBuildPhase;
			buildActionMask = 2147483647;
			files = (
				845FC9082D51AE5A00A0F4BC /* chaitanyagondkar_Milestone3UITests.swift in Sources */,
				845FC90A2D51AE5A00A0F4BC /* chaitanyagondkar_Milestone3UITestsLaunchTests.swift in Sources */,
			);
			runOnlyForDeploymentPostprocessing = 0;
		};
/* End PBXSourcesBuildPhase section */

/* Begin PBXTargetDependency section */
		845FC8FB2D51AE5A00A0F4BC /* PBXTargetDependency */ = {
			isa = PBXTargetDependency;
			target = 845FC8E82D51AE5700A0F4BC /* chaitanyagondkar_Milestone3 */;
			targetProxy = 845FC8FA2D51AE5A00A0F4BC /* PBXContainerItemProxy */;
		};
		845FC9052D51AE5A00A0F4BC /* PBXTargetDependency */ = {
			isa = PBXTargetDependency;
			target = 845FC8E82D51AE5700A0F4BC /* chaitanyagondkar_Milestone3 */;
			targetProxy = 845FC9042D51AE5A00A0F4BC /* PBXContainerItemProxy */;
		};
/* End PBXTargetDependency section */

/* Begin XCBuildConfiguration section */
		845FC90B2D51AE5A00A0F4BC /* Debug */ = {
			isa = XCBuildConfiguration;
			buildSettings = {
				ALWAYS_SEARCH_USER_PATHS = NO;
				CLANG_ANALYZER_NONNULL = YES;
				CLANG_ANALYZER_NUMBER_OBJECT_CONVERSION = YES_AGGRESSIVE;
				CLANG_CXX_LANGUAGE_STANDARD = "gnu++20";
				CLANG_ENABLE_MODULES = YES;
				CLANG_ENABLE_OBJC_ARC = YES;
				CLANG_ENABLE_OBJC_WEAK = YES;
				CLANG_WARN_BLOCK_CAPTURE_AUTORELEASING = YES;
				CLANG_WARN_BOOL_CONVERSION = YES;
				CLANG_WARN_COMMA = YES;
				CLANG_WARN_CONSTANT_CONVERSION = YES;
				CLANG_WARN_DEPRECATED_OBJC_IMPLEMENTATIONS = YES;
				CLANG_WARN_DIRECT_OBJC_ISA_USAGE = YES_ERROR;
				CLANG_WARN_DOCUMENTATION_COMMENTS = YES;
				CLANG_WARN_EMPTY_BODY = YES;
				CLANG_WARN_ENUM_CONVERSION = YES;
				CLANG_WARN_INFINITE_RECURSION = YES;
				CLANG_WARN_INT_CONVERSION = YES;
				CLANG_WARN_NON_LITERAL_NULL_CONVERSION = YES;
				CLANG_WARN_OBJC_IMPLICIT_RETAIN_SELF = YES;
				CLANG_WARN_OBJC_LITERAL_CONVERSION = YES;
				CLANG_WARN_OBJC_ROOT_CLASS = YES_ERROR;
				CLANG_WARN_QUOTED_INCLUDE_IN_FRAMEWORK_HEADER = YES;
				CLANG_WARN_RANGE_LOOP_ANALYSIS = YES;
				CLANG_WARN_STRICT_PROTOTYPES = YES;
				CLANG_WARN_SUSPICIOUS_MOVE = YES;
				CLANG_WARN_UNGUARDED_AVAILABILITY = YES_AGGRESSIVE;
				CLANG_WARN_UNREACHABLE_CODE = YES;
				CLANG_WARN__DUPLICATE_METHOD_MATCH = YES;
				COPY_PHASE_STRIP = NO;
				DEBUG_INFORMATION_FORMAT = dwarf;
				ENABLE_STRICT_OBJC_MSGSEND = YES;
				ENABLE_TESTABILITY = YES;
				GCC_C_LANGUAGE_STANDARD = gnu11;
				GCC_DYNAMIC_NO_PIC = NO;
				GCC_NO_COMMON_BLOCKS = YES;
				GCC_OPTIMIZATION_LEVEL = 0;
				GCC_PREPROCESSOR_DEFINITIONS = (
					"DEBUG=1",
					"$(inherited)",
				);
				GCC_WARN_64_TO_32_BIT_CONVERSION = YES;
				GCC_WARN_ABOUT_RETURN_TYPE = YES_ERROR;
				GCC_WARN_UNDECLARED_SELECTOR = YES;
				GCC_WARN_UNINITIALIZED_AUTOS = YES_AGGRESSIVE;
				GCC_WARN_UNUSED_FUNCTION = YES;
				GCC_WARN_UNUSED_VARIABLE = YES;
				IPHONEOS_DEPLOYMENT_TARGET = 16.0;
				MTL_ENABLE_DEBUG_INFO = INCLUDE_SOURCE;
				MTL_FAST_MATH = YES;
				ONLY_ACTIVE_ARCH = YES;
				SDKROOT = iphoneos;
				SWIFT_ACTIVE_COMPILATION_CONDITIONS = DEBUG;
				SWIFT_OPTIMIZATION_LEVEL = "-Onone";
			};
			name = Debug;
		};
		845FC90C2D51AE5A00A0F4BC /* Release */ = {
			isa = XCBuildConfiguration;
			buildSettings = {
				ALWAYS_SEARCH_USER_PATHS = NO;
				CLANG_ANALYZER_NONNULL = YES;
				CLANG_ANALYZER_NUMBER_OBJECT_CONVERSION = YES_AGGRESSIVE;
				CLANG_CXX_LANGUAGE_STANDARD = "gnu++20";
				CLANG_ENABLE_MODULES = YES;
				CLANG_ENABLE_OBJC_ARC = YES;
				CLANG_ENABLE_OBJC_WEAK = YES;
				CLANG_WARN_BLOCK_CAPTURE_AUTORELEASING = YES;
				CLANG_WARN_BOOL_CONVERSION = YES;
				CLANG_WARN_COMMA = YES;
				CLANG_WARN_CONSTANT_CONVERSION = YES;
				CLANG_WARN_DEPRECATED_OBJC_IMPLEMENTATIONS = YES;
				CLANG_WARN_DIRECT_OBJC_ISA_USAGE = YES_ERROR;
				CLANG_WARN_DOCUMENTATION_COMMENTS = YES;
				CLANG_WARN_EMPTY_BODY = YES;
				CLANG_WARN_ENUM_CONVERSION = YES;
				CLANG_WARN_INFINITE_RECURSION = YES;
				CLANG_WARN_INT_CONVERSION = YES;
				CLANG_WARN_NON_LITERAL_NULL_CONVERSION = YES;
				CLANG_WARN_OBJC_IMPLICIT_RETAIN_SELF = YES;
				CLANG_WARN_OBJC_LITERAL_CONVERSION = YES;
				CLANG_WARN_OBJC_ROOT_CLASS = YES_ERROR;
				CLANG_WARN_QUOTED_INCLUDE_IN_FRAMEWORK_HEADER = YES;
				CLANG_WARN_RANGE_LOOP_ANALYSIS = YES;
				CLANG_WARN_STRICT_PROTOTYPES = YES;
				CLANG_WARN_SUSPICIOUS_MOVE = YES;
				CLANG_WARN_UNGUARDED_AVAILABILITY = YES_AGGRESSIVE;
				CLANG_WARN_UNREACHABLE_CODE = YES;
				CLANG_WARN__DUPLICATE_METHOD_MATCH = YES;
				COPY_PHASE_STRIP = NO;
				DEBUG_INFORMATION_FORMAT = "dwarf-with-dsym";
				ENABLE_NS_ASSERTIONS = NO;
				ENABLE_STRICT_OBJC_MSGSEND = YES;
				GCC_C_LANGUAGE_STANDARD = gnu11;
				GCC_NO_COMMON_BLOCKS = YES;
				GCC_WARN_64_TO_32_BIT_CONVERSION = YES;
				GCC_WARN_ABOUT_RETURN_TYPE = YES_ERROR;
				GCC_WARN_UNDECLARED_SELECTOR = YES;
				GCC_WARN_UNINITIALIZED_AUTOS = YES_AGGRESSIVE;
				GCC_WARN_UNUSED_FUNCTION = YES;
				GCC_WARN_UNUSED_VARIABLE = YES;
				IPHONEOS_DEPLOYMENT_TARGET = 16.0;
				MTL_ENABLE_DEBUG_INFO = NO;
				MTL_FAST_MATH = YES;
				SDKROOT = iphoneos;
				SWIFT_COMPILATION_MODE = wholemodule;
				SWIFT_OPTIMIZATION_LEVEL = "-O";
				VALIDATE_PRODUCT = YES;
			};
			name = Release;
		};
		845FC90E2D51AE5A00A0F4BC /* Debug */ = {
			isa = XCBuildConfiguration;
			buildSettings = {
				ASSETCATALOG_COMPILER_APPICON_NAME = AppIcon;
				ASSETCATALOG_COMPILER_GLOBAL_ACCENT_COLOR_NAME = AccentColor;
				CODE_SIGN_STYLE = Automatic;
				CURRENT_PROJECT_VERSION = 1;
				DEVELOPMENT_ASSET_PATHS = "\"chaitanyagondkar_Milestone3/Preview Content\"";
				ENABLE_PREVIEWS = YES;
				GENERATE_INFOPLIST_FILE = YES;
				INFOPLIST_KEY_UIApplicationSceneManifest_Generation = YES;
				INFOPLIST_KEY_UIApplicationSupportsIndirectInputEvents = YES;
				INFOPLIST_KEY_UILaunchScreen_Generation = YES;
				INFOPLIST_KEY_UISupportedInterfaceOrientations_iPad = "UIInterfaceOrientationPortrait UIInterfaceOrientationPortraitUpsideDown UIInterfaceOrientationLandscapeLeft UIInterfaceOrientationLandscapeRight";
				INFOPLIST_KEY_UISupportedInterfaceOrientations_iPhone = "UIInterfaceOrientationPortrait UIInterfaceOrientationLandscapeLeft UIInterfaceOrientationLandscapeRight";
				LD_RUNPATH_SEARCH_PATHS = (
					"$(inherited)",
					"@executable_path/Frameworks",
				);
				MARKETING_VERSION = 1.0;
				PRODUCT_BUNDLE_IDENTIFIER = "com.example.sampleapp.chaitanyagondkar-Milestone3";
				PRODUCT_NAME = "$(TARGET_NAME)";
				SWIFT_EMIT_LOC_STRINGS = YES;
				SWIFT_VERSION = 5.0;
				TARGETED_DEVICE_FAMILY = "1,2";
			};
			name = Debug;
		};
		845FC90F2D51AE5A00A0F4BC /* Release */ = {
			isa = XCBuildConfiguration;
			buildSettings = {
				ASSETCATALOG_COMPILER_APPICON_NAME = AppIcon;
				ASSETCATALOG_COMPILER_GLOBAL_ACCENT_COLOR_NAME = AccentColor;
				CODE_SIGN_STYLE = Automatic;
				CURRENT_PROJECT_VERSION = 1;
				DEVELOPMENT_ASSET_PATHS = "\"chaitanyagondkar_Milestone3/Preview Content\"";
				ENABLE_PREVIEWS = YES;
				GENERATE_INFOPLIST_FILE = YES;
				INFOPLIST_KEY_UIApplicationSceneManifest_Generation = YES;
				INFOPLIST_KEY_UIApplicationSupportsIndirectInputEvents = YES;
				INFOPLIST_KEY_UILaunchScreen_Generation = YES;
				INFOPLIST_KEY_UISupportedInterfaceOrientations_iPad = "UIInterfaceOrientationPortrait UIInterfaceOrientationPortraitUpsideDown UIInterfaceOrientationLandscapeLeft UIInterfaceOrientationLandscapeRight";
				INFOPLIST_KEY_UISupportedInterfaceOrientations_iPhone = "UIInterfaceOrientationPortrait UIInterfaceOrientationLandscapeLeft UIInterfaceOrientationLandscapeRight";
				LD_RUNPATH_SEARCH_PATHS = (
					"$(inherited)",
					"@executable_path/Frameworks",
				);
				MARKETING_VERSION = 1.0;
				PRODUCT_BUNDLE_IDENTIFIER = "com.example.sampleapp.chaitanyagondkar-Milestone3";
				PRODUCT_NAME = "$(TARGET_NAME)";
				SWIFT_EMIT_LOC_STRINGS = YES;
				SWIFT_VERSION = 5.0;
				TARGETED_DEVICE_FAMILY = "1,2";
			};
			name = Release;
		};
		845FC9112D51AE5A00A0F4BC /* Debug */ = {
			isa = XCBuildConfiguration;
			buildSettings = {
				ALWAYS_EMBED_SWIFT_STANDARD_LIBRARIES = YES;
				BUNDLE_LOADER = "$(TEST_HOST)";
				CODE_SIGN_STYLE = Automatic;
				CURRENT_PROJECT_VERSION = 1;
				GENERATE_INFOPLIST_FILE = YES;
				IPHONEOS_DEPLOYMENT_TARGET = 16.0;
				MARKETING_VERSION = 1.0;
				PRODUCT_BUNDLE_IDENTIFIER = "com.example.sampleapp.chaitanyagondkar-Milestone3Tests";
				PRODUCT_NAME = "$(TARGET_NAME)";
				SWIFT_EMIT_LOC_STRINGS = NO;
				SWIFT_VERSION = 5.0;
				TARGETED_DEVICE_FAMILY = "1,2";
				TEST_HOST = "$(BUILT_PRODUCTS_DIR)/chaitanyagondkar_Milestone3.app/$(BUNDLE_EXECUTABLE_FOLDER_PATH)/chaitanyagondkar_Milestone3";
			};
			name = Debug;
		};
		845FC9122D51AE5A00A0F4BC /* Release */ = {
			isa = XCBuildConfiguration;
			buildSettings = {
				ALWAYS_EMBED_SWIFT_STANDARD_LIBRARIES = YES;
				BUNDLE_LOADER = "$(TEST_HOST)";
				CODE_SIGN_STYLE = Automatic;
				CURRENT_PROJECT_VERSION = 1;
				GENERATE_INFOPLIST_FILE = YES;
				IPHONEOS_DEPLOYMENT_TARGET = 16.0;
				MARKETING_VERSION = 1.0;
				PRODUCT_BUNDLE_IDENTIFIER = "com.example.sampleapp.chaitanyagondkar-Milestone3Tests";
				PRODUCT_NAME = "$(TARGET_NAME)";
				SWIFT_EMIT_LOC_STRINGS = NO;
				SWIFT_VERSION = 5.0;
				TARGETED_DEVICE_FAMILY = "1,2";
				TEST_HOST = "$(BUILT_PRODUCTS_DIR)/chaitanyagondkar_Milestone3.app/$(BUNDLE_EXECUTABLE_FOLDER_PATH)/chaitanyagondkar_Milestone3";
			};
			name = Release;
		};
		845FC9142D51AE5A00A0F4BC /* Debug */ = {
			isa = XCBuildConfiguration;
			buildSettings = {
				ALWAYS_EMBED_SWIFT_STANDARD_LIBRARIES = YES;
				CODE_SIGN_STYLE = Automatic;
				CURRENT_PROJECT_VERSION = 1;
				GENERATE_INFOPLIST_FILE = YES;
				MARKETING_VERSION = 1.0;
				PRODUCT_BUNDLE_IDENTIFIER = "com.example.sampleapp.chaitanyagondkar-Milestone3UITests";
				PRODUCT_NAME = "$(TARGET_NAME)";
				SWIFT_EMIT_LOC_STRINGS = NO;
				SWIFT_VERSION = 5.0;
				TARGETED_DEVICE_FAMILY = "1,2";
				TEST_TARGET_NAME = chaitanyagondkar_Milestone3;
			};
			name = Debug;
		};
		845FC9152D51AE5A00A0F4BC /* Release */ = {
			isa = XCBuildConfiguration;
			buildSettings = {
				ALWAYS_EMBED_SWIFT_STANDARD_LIBRARIES = YES;
				CODE_SIGN_STYLE = Automatic;
				CURRENT_PROJECT_VERSION = 1;
				GENERATE_INFOPLIST_FILE = YES;
				MARKETING_VERSION = 1.0;
				PRODUCT_BUNDLE_IDENTIFIER = "com.example.sampleapp.chaitanyagondkar-Milestone3UITests";
				PRODUCT_NAME = "$(TARGET_NAME)";
				SWIFT_EMIT_LOC_STRINGS = NO;
				SWIFT_VERSION = 5.0;
				TARGETED_DEVICE_FAMILY = "1,2";
				TEST_TARGET_NAME = chaitanyagondkar_Milestone3;
			};
			name = Release;
		};
/* End XCBuildConfiguration section */

/* Begin XCConfigurationList section */
		845FC8E42D51AE5700A0F4BC /* Build configuration list for PBXProject "chaitanyagondkar_Milestone3" */ = {
			isa = XCConfigurationList;
			buildConfigurations = (
				845FC90B2D51AE5A00A0F4BC /* Debug */,
				845FC90C2D51AE5A00A0F4BC /* Release */,
			);
			defaultConfigurationIsVisible = 0;
			defaultConfigurationName = Release;
		};
		845FC90D2D51AE5A00A0F4BC /* Build configuration list for PBXNativeTarget "chaitanyagondkar_Milestone3" */ = {
			isa = XCConfigurationList;
			buildConfigurations = (
				845FC90E2D51AE5A00A0F4BC /* Debug */,
				845FC90F2D51AE5A00A0F4BC /* Release */,
			);
			defaultConfigurationIsVisible = 0;
			defaultConfigurationName = Release;
		};
		845FC9102D51AE5A00A0F4BC /* Build configuration list for PBXNativeTarget "chaitanyagondkar_Milestone3Tests" */ = {
			isa = XCConfigurationList;
			buildConfigurations = (
				845FC9112D51AE5A00A0F4BC /* Debug */,
				845FC9122D51AE5A00A0F4BC /* Release */,
			);
			defaultConfigurationIsVisible = 0;
			defaultConfigurationName = Release;
		};
		845FC9132D51AE5A00A0F4BC /* Build configuration list for PBXNativeTarget "chaitanyagondkar_Milestone3UITests" */ = {
			isa = XCConfigurationList;
			buildConfigurations = (
				845FC9142D51AE5A00A0F4BC /* Debug */,
				845FC9152D51AE5A00A0F4BC /* Release */,
			);
			defaultConfigurationIsVisible = 0;
			defaultConfigurationName = Release;
		};
/* End XCConfigurationList section */

/* Begin XCVersionGroup section */
		845FC9CE2D521D5200A0F4BC /* FitnessDB.xcdatamodeld */ = {
			isa = XCVersionGroup;
			children = (
				845FC9CF2D521D5200A0F4BC /* FitnessDB.xcdatamodel */,
			);
			currentVersion = 845FC9CF2D521D5200A0F4BC /* FitnessDB.xcdatamodel */;
			path = FitnessDB.xcdatamodeld;
			sourceTree = "<group>";
			versionGroupType = wrapper.xcdatamodel;
		};
/* End XCVersionGroup section */
	};
	rootObject = 845FC8E12D51AE5700A0F4BC /* Project object */;
}
